
Microsoft Visual Studio Solution File, Format Version 12.00
# Visual Studio Version 16
VisualStudioVersion = 16.0.30413.136
MinimumVisualStudioVersion = 10.0.40219.1
Project("{FAE04EC0-301F-11D3-BF4B-00C04F79EFBC}") = "AspNetCore_MongoDB", "AspNetCore_MongoDB\AspNetCore_MongoDB.csproj", "{08626382-83B3-4607-82A4-76DE8E60E651}"
EndProject
Project("{FAE04EC0-301F-11D3-BF4B-00C04F79EFBC}") = "DataLayer", "DataLayer\DataLayer.csproj", "{43B9C947-1D25-4542-B6FD-8B69D2C9A5A1}"
EndProject
Project("{FAE04EC0-301F-11D3-BF4B-00C04F79EFBC}") = "ServiceLayer", "ServiceLayer\ServiceLayer.csproj", "{2906B92D-6F4F-4554-8FFF-FCF9610BAB19}"
EndProject
Global
	GlobalSection(SolutionConfigurationPlatforms) = preSolution
		Debug|Any CPU = Debug|Any CPU
		Release|Any CPU = Release|Any CPU
	EndGlobalSection
	GlobalSection(ProjectConfigurationPlatforms) = postSolution
		{08626382-83B3-4607-82A4-76DE8E60E651}.Debug|Any CPU.ActiveCfg = Debug|Any CPU
		{08626382-83B3-4607-82A4-76DE8E60E651}.Debug|Any CPU.Build.0 = Debug|Any CPU
		{08626382-83B3-4607-82A4-76DE8E60E651}.Release|Any CPU.ActiveCfg = Release|Any CPU
		{08626382-83B3-4607-82A4-76DE8E60E651}.Release|Any CPU.Build.0 = Release|Any CPU
		{43B9C947-1D25-4542-B6FD-8B69D2C9A5A1}.Debug|Any CPU.ActiveCfg = Debug|Any CPU
		{43B9C947-1D25-4542-B6FD-8B69D2C9A5A1}.Debug|Any CPU.Build.0 = Debug|Any CPU
		{43B9C947-1D25-4542-B6FD-8B69D2C9A5A1}.Release|Any CPU.ActiveCfg = Release|Any CPU
		{43B9C947-1D25-4542-B6FD-8B69D2C9A5A1}.Release|Any CPU.Build.0 = Release|Any CPU
		{2906B92D-6F4F-4554-8FFF-FCF9610BAB19}.Debug|Any CPU.ActiveCfg = Debug|Any CPU
		{2906B92D-6F4F-4554-8FFF-FCF9610BAB19}.Debug|Any CPU.Build.0 = Debug|Any CPU
		{2906B92D-6F4F-4554-8FFF-FCF9610BAB19}.Release|Any CPU.ActiveCfg = Release|Any CPU
		{2906B92D-6F4F-4554-8FFF-FCF9610BAB19}.Release|Any CPU.Build.0 = Release|Any CPU
	EndGlobalSection
	GlobalSection(SolutionProperties) = preSolution
		HideSolutionNode = FALSE
	EndGlobalSection
	GlobalSection(ExtensibilityGlobals) = postSolution
		SolutionGuid = {D1B432DD-8D99-4C86-8972-3229FE7F5423}
	EndGlobalSection
EndGlobal
